<?xml version="1.0" encoding="UTF-8"?>
<CONFIG>
  <ProjectOptions>
    <Version Value="10"/>
    <PathDelim Value="\"/>
    <General>
      <SessionStorage Value="InProjectDir"/>
      <MainUnit Value="0"/>
      <Title Value="decauto"/>
      <ResourceType Value="res"/>
      <UseXPManifest Value="True"/>
    </General>
    <i18n>
      <EnableI18N LFM="False"/>
    </i18n>
    <BuildModes Count="1">
      <Item1 Name="Default" Default="True"/>
    </BuildModes>
    <PublishOptions>
      <Version Value="2"/>
    </PublishOptions>
    <RunParams>
      <local>
        <FormatVersion Value="1"/>
      </local>
    </RunParams>
    <RequiredPackages Count="1">
      <Item1>
        <PackageName Value="LCL"/>
      </Item1>
    </RequiredPackages>
    <Units Count="19">
      <Unit0>
        <Filename Value="decauto.lpr"/>
        <IsPartOfProject Value="True"/>
      </Unit0>
      <Unit1>
        <Filename Value="decauto1.pas"/>
        <IsPartOfProject Value="True"/>
        <ComponentName Value="Form1"/>
        <HasResources Value="True"/>
        <ResourceBaseClass Value="Form"/>
      </Unit1>
      <Unit2>
        <Filename Value="frame1.pas"/>
        <IsPartOfProject Value="True"/>
        <ComponentName Value="Frame1"/>
        <HasResources Value="True"/>
        <ResourceBaseClass Value="Frame"/>
      </Unit2>
      <Unit3>
        <Filename Value="frame2.pas"/>
        <IsPartOfProject Value="True"/>
        <ComponentName Value="Frame2"/>
        <HasResources Value="True"/>
        <ResourceBaseClass Value="Frame"/>
      </Unit3>
      <Unit4>
        <Filename Value="meca1.pas"/>
        <IsPartOfProject Value="True"/>
        <ComponentName Value="Form2"/>
        <HasResources Value="True"/>
        <ResourceBaseClass Value="Form"/>
      </Unit4>
      <Unit5>
        <Filename Value="meca2.pas"/>
        <IsPartOfProject Value="True"/>
        <ComponentName Value="Form3"/>
        <HasResources Value="True"/>
        <ResourceBaseClass Value="Form"/>
      </Unit5>
      <Unit6>
        <Filename Value="eval1.pas"/>
        <IsPartOfProject Value="True"/>
        <ComponentName Value="Form4"/>
        <HasResources Value="True"/>
        <ResourceBaseClass Value="Form"/>
      </Unit6>
      <Unit7>
        <Filename Value="autom1.pas"/>
        <IsPartOfProject Value="True"/>
        <ComponentName Value="Form5"/>
        <ResourceBaseClass Value="Form"/>
      </Unit7>
      <Unit8>
        <Filename Value="autom2.pas"/>
        <IsPartOfProject Value="True"/>
        <ComponentName Value="Form6"/>
        <ResourceBaseClass Value="Form"/>
      </Unit8>
      <Unit9>
        <Filename Value="pcpo1.pas"/>
        <IsPartOfProject Value="True"/>
        <ComponentName Value="Form7"/>
        <HasResources Value="True"/>
        <ResourceBaseClass Value="Form"/>
      </Unit9>
      <Unit10>
        <Filename Value="pcpo2.pas"/>
        <IsPartOfProject Value="True"/>
        <ComponentName Value="Form8"/>
        <HasResources Value="True"/>
        <ResourceBaseClass Value="Form"/>
      </Unit10>
      <Unit11>
        <Filename Value="eval2.pas"/>
        <IsPartOfProject Value="True"/>
        <ComponentName Value="Form9"/>
        <HasResources Value="True"/>
        <ResourceBaseClass Value="Form"/>
      </Unit11>
      <Unit12>
        <Filename Value="syn2.pas"/>
        <IsPartOfProject Value="True"/>
        <ComponentName Value="Form10"/>
        <HasResources Value="True"/>
        <ResourceBaseClass Value="Form"/>
      </Unit12>
      <Unit13>
        <Filename Value="syn1.pas"/>
        <IsPartOfProject Value="True"/>
        <ComponentName Value="Form11"/>
        <HasResources Value="True"/>
        <ResourceBaseClass Value="Form"/>
      </Unit13>
      <Unit14>
        <Filename Value="soc1.pas"/>
        <IsPartOfProject Value="True"/>
        <ComponentName Value="Form12"/>
        <HasResources Value="True"/>
        <ResourceBaseClass Value="Form"/>
      </Unit14>
      <Unit15>
        <Filename Value="soc2.pas"/>
        <IsPartOfProject Value="True"/>
        <ComponentName Value="Form13"/>
        <HasResources Value="True"/>
        <ResourceBaseClass Value="Form"/>
      </Unit15>
      <Unit16>
        <Filename Value="eval3.pas"/>
        <IsPartOfProject Value="True"/>
        <ComponentName Value="Form14"/>
        <HasResources Value="True"/>
        <ResourceBaseClass Value="Form"/>
      </Unit16>
      <Unit17>
        <Filename Value="syn3.pas"/>
        <IsPartOfProject Value="True"/>
        <ComponentName Value="Form15"/>
        <HasResources Value="True"/>
        <ResourceBaseClass Value="Form"/>
      </Unit17>
      <Unit18>
        <Filename Value="evalf1.pas"/>
        <IsPartOfProject Value="True"/>
        <ComponentName Value="Form16"/>
        <HasResources Value="True"/>
        <ResourceBaseClass Value="Form"/>
        <UnitName Value="evalF1"/>
      </Unit18>
    </Units>
  </ProjectOptions>
  <CompilerOptions>
    <Version Value="11"/>
    <PathDelim Value="\"/>
    <Target>
      <Filename Value="decauto"/>
    </Target>
    <SearchPaths>
      <IncludeFiles Value="$(ProjOutDir)"/>
      <UnitOutputDirectory Value="lib\$(TargetCPU)-$(TargetOS)"/>
    </SearchPaths>
    <Linking>
      <Options>
        <Win32>
          <GraphicApplication Value="True"/>
        </Win32>
      </Options>
    </Linking>
  </CompilerOptions>
  <Debugging>
    <Exceptions Count="3">
      <Item1>
        <Name Value="EAbort"/>
      </Item1>
      <Item2>
        <Name Value="ECodetoolError"/>
      </Item2>
      <Item3>
        <Name Value="EFOpenError"/>
      </Item3>
    </Exceptions>
  </Debugging>
</CONFIG>
